<Solution>
  <Folder Name="/Task0/">
    <Project Path="Tyuiu.PanovRR.Sprint0.Task0.V0/Tyuiu.PanovRR.Sprint0.Task0.V0.csproj" Id="95b7a803-3e11-4000-ac25-c9f061de91f5" />
  </Folder>
  <Folder Name="/Task1/">
    <Project Path="Tyuiu.PanovRR.Sprint0.Task1.V0/Tyuiu.PanovRR.Sprint0.Task1.V0.csproj" Id="a1f4c5fa-a64e-4003-a71e-2e0fb3452d58" />
  </Folder>
  <Folder Name="/Task2/">
    <Project Path="Tyuiu.PanovRR.Sprint0.Task2.V0.Lib/Tyuiu.PanovRR.Sprint0.Task2.V0.Lib.csproj" Id="2bf13b2d-ff45-4b67-b836-057dadf22f9c" />
    <Project Path="Tyuiu.PanovRR.Sprint0.Task2.V0/Tyuiu.PanovRR.Sprint0.Task2.V0.csproj" Id="26a3189b-66cb-4185-b931-5e41d32f8b7c" />
    <Project Path="Tyuiu.PanovRR.Sprint0.Test2.V0.Test/Tyuiu.PanovRR.Sprint0.Test2.V0.Test.csproj" Id="f1ad27cb-8f08-4fc9-9f7a-66a84b70bd9b" />
  </Folder>
  <Folder Name="/Task3/">
    <Project Path="Tyuiu.PanovRR.Sprint0.Task3.V0.Lib/Tyuiu.PanovRR.Sprint0.Task3.V0.Lib.csproj" Id="a5692772-f85e-4d87-80de-025973b14e4e" />
    <Project Path="Tyuiu.PanovRR.Sprint0.Task3.V0.Test/Tyuiu.PanovRR.Sprint0.Task3.V0.Test.csproj" Id="c45a78ae-ea5c-466c-b1dd-7e217b4e71ff" />
    <Project Path="Tyuiu.PanovRR.Sprint0.Task3.V0/Tyuiu.PanovRR.Sprint0.Task3.V0.csproj" Id="b78f41c3-6e8a-4fb5-ad45-0d4d8726c6ff" />
  </Folder>
  <Folder Name="/Task4/">
    <Project Path="Tyuiu.PanovRR.Sprint0.Task4.V0.Lib/Tyuiu.PanovRR.Sprint0.Task4.V0.Lib.csproj" Id="01aedfee-78aa-4769-8ff9-0030faa43213" />
    <Project Path="Tyuiu.PanovRR.Sprint0.Task4.V0.Test/Tyuiu.PanovRR.Sprint0.Task4.V0.Test.csproj" Id="4f64c330-25c5-4671-a2a4-0d6b6b2fd6f1" />
    <Project Path="Tyuiu.PanovRR.Sprint0.Task4.V0/Tyuiu.PanovRR.Sprint0.Task4.V0.csproj" Id="d00a1176-761e-464d-9027-420d47d3880d" />
  </Folder>
  <Folder Name="/Task5/">
    <Project Path="Tyuiu.PanovRR.Sprint0.Task5.V0.Lib/Tyuiu.PanovRR.Sprint0.Task5.V0.Lib.csproj" Id="3dda4683-e396-4762-90ea-51f49312427e" />
    <Project Path="Tyuiu.PanovRR.Sprint0.Task5.V0.Test/Tyuiu.PanovRR.Sprint0.Task5.V0.Test.csproj" Id="c96e639a-5427-4e95-911a-74fd7a695630" />
    <Project Path="Tyuiu.PanovRR.Sprint0.Task5.V0/Tyuiu.PanovRR.Sprint0.Task5.V0.csproj" Id="0279bc99-d78f-46c0-93c7-491762708892" />
  </Folder>
  <Folder Name="/Task6/">
    <Project Path="Tyuiu.PanovRR.Sprint0.Task6.V0.Lib/Tyuiu.PanovRR.Sprint0.Task6.V0.Lib.csproj" Id="00e4c799-40ab-4303-86ed-febcb6f70bac" />
    <Project Path="Tyuiu.PanovRR.Sprint0.Task6.V0.Test/Tyuiu.PanovRR.Sprint0.Task6.V0.Test.csproj" Id="2b11fd7b-9ca0-453a-8e99-d062852da974" />
    <Project Path="Tyuiu.PanovRR.Sprint0.Task6.V0/Tyuiu.PanovRR.Sprint0.Task6.V0.csproj" Id="c25f24a0-5344-4a0c-b498-36eb8b2de22d" />
  </Folder>
</Solution>
